// !$*UTF8*$!
{
	archiveVersion = 1;
	classes = {
	};
	objectVersion = 56;
	objects = {

/* Begin PBXBuildFile section */
		CC4317A32C093F7000007DD0 /* PhotoListViewModel.swift in Sources */ = {isa = PBXBuildFile; fileRef = CC4317A22C093F7000007DD0 /* PhotoListViewModel.swift */; };
		CC4317A52C093F7D00007DD0 /* PhotoListView.swift in Sources */ = {isa = PBXBuildFile; fileRef = CC4317A42C093F7D00007DD0 /* PhotoListView.swift */; };
		CC4317AB2C094AE900007DD0 /* PhotoItemView.swift in Sources */ = {isa = PBXBuildFile; fileRef = CC4317AA2C094AE900007DD0 /* PhotoItemView.swift */; };
		CC4317AD2C094C6B00007DD0 /* CachedAsyncImage.swift in Sources */ = {isa = PBXBuildFile; fileRef = CC4317AC2C094C6B00007DD0 /* CachedAsyncImage.swift */; };
		CC4317AF2C0956F400007DD0 /* CachedAsyncImageViewModel.swift in Sources */ = {isa = PBXBuildFile; fileRef = CC4317AE2C0956F400007DD0 /* CachedAsyncImageViewModel.swift */; };
		CC4317B12C095BFE00007DD0 /* SwiftUIExtensions.swift in Sources */ = {isa = PBXBuildFile; fileRef = CC4317B02C095BFE00007DD0 /* SwiftUIExtensions.swift */; };
		CC60E2842C09FFA500EBAA81 /* AlertViewModel.swift in Sources */ = {isa = PBXBuildFile; fileRef = CC60E2832C09FFA500EBAA81 /* AlertViewModel.swift */; };
		CC60E2872C0A015A00EBAA81 /* AlertModifier.swift in Sources */ = {isa = PBXBuildFile; fileRef = CC60E2862C0A015A00EBAA81 /* AlertModifier.swift */; };
		CC60E2892C0A031D00EBAA81 /* PexelatorButtonStyle.swift in Sources */ = {isa = PBXBuildFile; fileRef = CC60E2882C0A031D00EBAA81 /* PexelatorButtonStyle.swift */; };
		CC60E28B2C0A0C9F00EBAA81 /* PhotoDetailsViewModel.swift in Sources */ = {isa = PBXBuildFile; fileRef = CC60E28A2C0A0C9F00EBAA81 /* PhotoDetailsViewModel.swift */; };
		CC60E28D2C0A0CF500EBAA81 /* PhotoDetailsView.swift in Sources */ = {isa = PBXBuildFile; fileRef = CC60E28C2C0A0CF500EBAA81 /* PhotoDetailsView.swift */; };
		CCAB2A0B2C08F92C008A83CA /* PexelatorApp.swift in Sources */ = {isa = PBXBuildFile; fileRef = CCAB2A0A2C08F92C008A83CA /* PexelatorApp.swift */; };
		CCAB2A0F2C08F92E008A83CA /* Assets.xcassets in Resources */ = {isa = PBXBuildFile; fileRef = CCAB2A0E2C08F92E008A83CA /* Assets.xcassets */; };
		CCAB2A122C08F92E008A83CA /* Preview Assets.xcassets in Resources */ = {isa = PBXBuildFile; fileRef = CCAB2A112C08F92E008A83CA /* Preview Assets.xcassets */; };
		CCAB2A1A2C08F9C7008A83CA /* Lottie in Frameworks */ = {isa = PBXBuildFile; productRef = CCAB2A192C08F9C7008A83CA /* Lottie */; };
		CCAB2A1D2C08F9FE008A83CA /* RestApi.swift in Sources */ = {isa = PBXBuildFile; fileRef = CCAB2A1C2C08F9FE008A83CA /* RestApi.swift */; };
		CCAB2A202C08FA6F008A83CA /* PexelsModels.swift in Sources */ = {isa = PBXBuildFile; fileRef = CCAB2A1F2C08FA6F008A83CA /* PexelsModels.swift */; };
		CCAB2A222C08FA7C008A83CA /* PexelsApi.swift in Sources */ = {isa = PBXBuildFile; fileRef = CCAB2A212C08FA7C008A83CA /* PexelsApi.swift */; };
		CCAB2A262C0901BD008A83CA /* SplashViewModel.swift in Sources */ = {isa = PBXBuildFile; fileRef = CCAB2A252C0901BD008A83CA /* SplashViewModel.swift */; };
		CCAB2A292C0901E0008A83CA /* CombineExtensions.swift in Sources */ = {isa = PBXBuildFile; fileRef = CCAB2A282C0901E0008A83CA /* CombineExtensions.swift */; };
		CCAB2A2B2C0901FC008A83CA /* SplashView.swift in Sources */ = {isa = PBXBuildFile; fileRef = CCAB2A2A2C0901FC008A83CA /* SplashView.swift */; };
		CCAB2A312C090DD6008A83CA /* logo_text_animation.json in Resources */ = {isa = PBXBuildFile; fileRef = CCAB2A302C090DD6008A83CA /* logo_text_animation.json */; };
		CCAB2A342C090EE0008A83CA /* PexelatorProgressViewStyle.swift in Sources */ = {isa = PBXBuildFile; fileRef = CCAB2A332C090EE0008A83CA /* PexelatorProgressViewStyle.swift */; };
		CCAB2A362C091FF0008A83CA /* RootViewModel.swift in Sources */ = {isa = PBXBuildFile; fileRef = CCAB2A352C091FF0008A83CA /* RootViewModel.swift */; };
		CCAB2A382C092204008A83CA /* RootView.swift in Sources */ = {isa = PBXBuildFile; fileRef = CCAB2A372C092204008A83CA /* RootView.swift */; };
/* End PBXBuildFile section */

/* Begin PBXFileReference section */
		CC4317A22C093F7000007DD0 /* PhotoListViewModel.swift */ = {isa = PBXFileReference; lastKnownFileType = sourcecode.swift; path = PhotoListViewModel.swift; sourceTree = "<group>"; };
		CC4317A42C093F7D00007DD0 /* PhotoListView.swift */ = {isa = PBXFileReference; lastKnownFileType = sourcecode.swift; path = PhotoListView.swift; sourceTree = "<group>"; };
		CC4317AA2C094AE900007DD0 /* PhotoItemView.swift */ = {isa = PBXFileReference; lastKnownFileType = sourcecode.swift; path = PhotoItemView.swift; sourceTree = "<group>"; };
		CC4317AC2C094C6B00007DD0 /* CachedAsyncImage.swift */ = {isa = PBXFileReference; lastKnownFileType = sourcecode.swift; path = CachedAsyncImage.swift; sourceTree = "<group>"; };
		CC4317AE2C0956F400007DD0 /* CachedAsyncImageViewModel.swift */ = {isa = PBXFileReference; lastKnownFileType = sourcecode.swift; path = CachedAsyncImageViewModel.swift; sourceTree = "<group>"; };
		CC4317B02C095BFE00007DD0 /* SwiftUIExtensions.swift */ = {isa = PBXFileReference; lastKnownFileType = sourcecode.swift; path = SwiftUIExtensions.swift; sourceTree = "<group>"; };
		CC60E2832C09FFA500EBAA81 /* AlertViewModel.swift */ = {isa = PBXFileReference; lastKnownFileType = sourcecode.swift; path = AlertViewModel.swift; sourceTree = "<group>"; };
		CC60E2862C0A015A00EBAA81 /* AlertModifier.swift */ = {isa = PBXFileReference; lastKnownFileType = sourcecode.swift; path = AlertModifier.swift; sourceTree = "<group>"; };
		CC60E2882C0A031D00EBAA81 /* PexelatorButtonStyle.swift */ = {isa = PBXFileReference; lastKnownFileType = sourcecode.swift; path = PexelatorButtonStyle.swift; sourceTree = "<group>"; };
		CC60E28A2C0A0C9F00EBAA81 /* PhotoDetailsViewModel.swift */ = {isa = PBXFileReference; lastKnownFileType = sourcecode.swift; path = PhotoDetailsViewModel.swift; sourceTree = "<group>"; };
		CC60E28C2C0A0CF500EBAA81 /* PhotoDetailsView.swift */ = {isa = PBXFileReference; lastKnownFileType = sourcecode.swift; path = PhotoDetailsView.swift; sourceTree = "<group>"; };
		CCAB2A072C08F92C008A83CA /* Pexelator.app */ = {isa = PBXFileReference; explicitFileType = wrapper.application; includeInIndex = 0; path = Pexelator.app; sourceTree = BUILT_PRODUCTS_DIR; };
		CCAB2A0A2C08F92C008A83CA /* PexelatorApp.swift */ = {isa = PBXFileReference; lastKnownFileType = sourcecode.swift; path = PexelatorApp.swift; sourceTree = "<group>"; };
		CCAB2A0E2C08F92E008A83CA /* Assets.xcassets */ = {isa = PBXFileReference; lastKnownFileType = folder.assetcatalog; path = Assets.xcassets; sourceTree = "<group>"; };
		CCAB2A112C08F92E008A83CA /* Preview Assets.xcassets */ = {isa = PBXFileReference; lastKnownFileType = folder.assetcatalog; path = "Preview Assets.xcassets"; sourceTree = "<group>"; };
		CCAB2A1C2C08F9FE008A83CA /* RestApi.swift */ = {isa = PBXFileReference; lastKnownFileType = sourcecode.swift; path = RestApi.swift; sourceTree = "<group>"; };
		CCAB2A1F2C08FA6F008A83CA /* PexelsModels.swift */ = {isa = PBXFileReference; lastKnownFileType = sourcecode.swift; path = PexelsModels.swift; sourceTree = "<group>"; };
		CCAB2A212C08FA7C008A83CA /* PexelsApi.swift */ = {isa = PBXFileReference; lastKnownFileType = sourcecode.swift; path = PexelsApi.swift; sourceTree = "<group>"; };
		CCAB2A252C0901BD008A83CA /* SplashViewModel.swift */ = {isa = PBXFileReference; lastKnownFileType = sourcecode.swift; path = SplashViewModel.swift; sourceTree = "<group>"; };
		CCAB2A282C0901E0008A83CA /* CombineExtensions.swift */ = {isa = PBXFileReference; lastKnownFileType = sourcecode.swift; path = CombineExtensions.swift; sourceTree = "<group>"; };
		CCAB2A2A2C0901FC008A83CA /* SplashView.swift */ = {isa = PBXFileReference; lastKnownFileType = sourcecode.swift; path = SplashView.swift; sourceTree = "<group>"; };
		CCAB2A302C090DD6008A83CA /* logo_text_animation.json */ = {isa = PBXFileReference; fileEncoding = 4; lastKnownFileType = text.json; path = logo_text_animation.json; sourceTree = "<group>"; };
		CCAB2A332C090EE0008A83CA /* PexelatorProgressViewStyle.swift */ = {isa = PBXFileReference; lastKnownFileType = sourcecode.swift; path = PexelatorProgressViewStyle.swift; sourceTree = "<group>"; };
		CCAB2A352C091FF0008A83CA /* RootViewModel.swift */ = {isa = PBXFileReference; lastKnownFileType = sourcecode.swift; path = RootViewModel.swift; sourceTree = "<group>"; };
		CCAB2A372C092204008A83CA /* RootView.swift */ = {isa = PBXFileReference; lastKnownFileType = sourcecode.swift; path = RootView.swift; sourceTree = "<group>"; };
/* End PBXFileReference section */

/* Begin PBXFrameworksBuildPhase section */
		CCAB2A042C08F92C008A83CA /* Frameworks */ = {
			isa = PBXFrameworksBuildPhase;
			buildActionMask = 2147483647;
			files = (
				CCAB2A1A2C08F9C7008A83CA /* Lottie in Frameworks */,
			);
			runOnlyForDeploymentPostprocessing = 0;
		};
/* End PBXFrameworksBuildPhase section */

/* Begin PBXGroup section */
		CC60E2852C0A014900EBAA81 /* Modifiers */ = {
			isa = PBXGroup;
			children = (
				CC60E2862C0A015A00EBAA81 /* AlertModifier.swift */,
			);
			path = Modifiers;
			sourceTree = "<group>";
		};
		CCAB29FE2C08F92C008A83CA = {
			isa = PBXGroup;
			children = (
				CCAB2A092C08F92C008A83CA /* Pexelator */,
				CCAB2A082C08F92C008A83CA /* Products */,
			);
			sourceTree = "<group>";
		};
		CCAB2A082C08F92C008A83CA /* Products */ = {
			isa = PBXGroup;
			children = (
				CCAB2A072C08F92C008A83CA /* Pexelator.app */,
			);
			name = Products;
			sourceTree = "<group>";
		};
		CCAB2A092C08F92C008A83CA /* Pexelator */ = {
			isa = PBXGroup;
			children = (
				CCAB2A272C0901D2008A83CA /* Utils */,
				CCAB2A1B2C08F9F5008A83CA /* API */,
				CCAB2A232C090198008A83CA /* ViewModels */,
				CCAB2A242C0901A5008A83CA /* Views */,
				CCAB2A322C090EBA008A83CA /* Style */,
				CC60E2852C0A014900EBAA81 /* Modifiers */,
				CCAB2A0A2C08F92C008A83CA /* PexelatorApp.swift */,
				CCAB2A2C2C09064D008A83CA /* Resuorces */,
				CCAB2A0E2C08F92E008A83CA /* Assets.xcassets */,
				CCAB2A102C08F92E008A83CA /* Preview Content */,
			);
			path = Pexelator;
			sourceTree = "<group>";
		};
		CCAB2A102C08F92E008A83CA /* Preview Content */ = {
			isa = PBXGroup;
			children = (
				CCAB2A112C08F92E008A83CA /* Preview Assets.xcassets */,
			);
			path = "Preview Content";
			sourceTree = "<group>";
		};
		CCAB2A1B2C08F9F5008A83CA /* API */ = {
			isa = PBXGroup;
			children = (
				CCAB2A1E2C08FA60008A83CA /* PexelsApi */,
				CCAB2A1C2C08F9FE008A83CA /* RestApi.swift */,
			);
			path = API;
			sourceTree = "<group>";
		};
		CCAB2A1E2C08FA60008A83CA /* PexelsApi */ = {
			isa = PBXGroup;
			children = (
				CCAB2A1F2C08FA6F008A83CA /* PexelsModels.swift */,
				CCAB2A212C08FA7C008A83CA /* PexelsApi.swift */,
			);
			path = PexelsApi;
			sourceTree = "<group>";
		};
		CCAB2A232C090198008A83CA /* ViewModels */ = {
			isa = PBXGroup;
			children = (
				CCAB2A352C091FF0008A83CA /* RootViewModel.swift */,
				CCAB2A252C0901BD008A83CA /* SplashViewModel.swift */,
				CC4317A22C093F7000007DD0 /* PhotoListViewModel.swift */,
				CC60E28A2C0A0C9F00EBAA81 /* PhotoDetailsViewModel.swift */,
				CC4317AE2C0956F400007DD0 /* CachedAsyncImageViewModel.swift */,
				CC60E2832C09FFA500EBAA81 /* AlertViewModel.swift */,
			);
			path = ViewModels;
			sourceTree = "<group>";
		};
		CCAB2A242C0901A5008A83CA /* Views */ = {
			isa = PBXGroup;
			children = (
				CCAB2A372C092204008A83CA /* RootView.swift */,
				CCAB2A2A2C0901FC008A83CA /* SplashView.swift */,
				CC4317A42C093F7D00007DD0 /* PhotoListView.swift */,
				CC4317AA2C094AE900007DD0 /* PhotoItemView.swift */,
				CC60E28C2C0A0CF500EBAA81 /* PhotoDetailsView.swift */,
				CC4317AC2C094C6B00007DD0 /* CachedAsyncImage.swift */,
			);
			path = Views;
			sourceTree = "<group>";
		};
		CCAB2A272C0901D2008A83CA /* Utils */ = {
			isa = PBXGroup;
			children = (
				CCAB2A282C0901E0008A83CA /* CombineExtensions.swift */,
				CC4317B02C095BFE00007DD0 /* SwiftUIExtensions.swift */,
			);
			path = Utils;
			sourceTree = "<group>";
		};
		CCAB2A2C2C09064D008A83CA /* Resuorces */ = {
			isa = PBXGroup;
			children = (
				CCAB2A2D2C090657008A83CA /* LottieAnimations */,
			);
			path = Resuorces;
			sourceTree = "<group>";
		};
		CCAB2A2D2C090657008A83CA /* LottieAnimations */ = {
			isa = PBXGroup;
			children = (
				CCAB2A302C090DD6008A83CA /* logo_text_animation.json */,
			);
			path = LottieAnimations;
			sourceTree = "<group>";
		};
		CCAB2A322C090EBA008A83CA /* Style */ = {
			isa = PBXGroup;
			children = (
				CCAB2A332C090EE0008A83CA /* PexelatorProgressViewStyle.swift */,
				CC60E2882C0A031D00EBAA81 /* PexelatorButtonStyle.swift */,
			);
			path = Style;
			sourceTree = "<group>";
		};
/* End PBXGroup section */

/* Begin PBXNativeTarget section */
		CCAB2A062C08F92C008A83CA /* Pexelator */ = {
			isa = PBXNativeTarget;
			buildConfigurationList = CCAB2A152C08F92E008A83CA /* Build configuration list for PBXNativeTarget "Pexelator" */;
			buildPhases = (
				CCAB2A032C08F92C008A83CA /* Sources */,
				CCAB2A042C08F92C008A83CA /* Frameworks */,
				CCAB2A052C08F92C008A83CA /* Resources */,
			);
			buildRules = (
			);
			dependencies = (
			);
			name = Pexelator;
			packageProductDependencies = (
				CCAB2A192C08F9C7008A83CA /* Lottie */,
			);
			productName = Pexelator;
			productReference = CCAB2A072C08F92C008A83CA /* Pexelator.app */;
			productType = "com.apple.product-type.application";
		};
/* End PBXNativeTarget section */

/* Begin PBXProject section */
		CCAB29FF2C08F92C008A83CA /* Project object */ = {
			isa = PBXProject;
			attributes = {
				BuildIndependentTargetsInParallel = 1;
				LastSwiftUpdateCheck = 1540;
				LastUpgradeCheck = 1540;
				TargetAttributes = {
					CCAB2A062C08F92C008A83CA = {
						CreatedOnToolsVersion = 15.4;
					};
				};
			};
			buildConfigurationList = CCAB2A022C08F92C008A83CA /* Build configuration list for PBXProject "Pexelator" */;
			compatibilityVersion = "Xcode 14.0";
			developmentRegion = en;
			hasScannedForEncodings = 0;
			knownRegions = (
				en,
				Base,
			);
			mainGroup = CCAB29FE2C08F92C008A83CA;
			packageReferences = (
				CCAB2A182C08F9C7008A83CA /* XCRemoteSwiftPackageReference "lottie-spm" */,
			);
			productRefGroup = CCAB2A082C08F92C008A83CA /* Products */;
			projectDirPath = "";
			projectRoot = "";
			targets = (
				CCAB2A062C08F92C008A83CA /* Pexelator */,
			);
		};
/* End PBXProject section */

/* Begin PBXResourcesBuildPhase section */
		CCAB2A052C08F92C008A83CA /* Resources */ = {
			isa = PBXResourcesBuildPhase;
			buildActionMask = 2147483647;
			files = (
				CCAB2A312C090DD6008A83CA /* logo_text_animation.json in Resources */,
				CCAB2A122C08F92E008A83CA /* Preview Assets.xcassets in Resources */,
				CCAB2A0F2C08F92E008A83CA /* Assets.xcassets in Resources */,
			);
			runOnlyForDeploymentPostprocessing = 0;
		};
/* End PBXResourcesBuildPhase section */

/* Begin PBXSourcesBuildPhase section */
		CCAB2A032C08F92C008A83CA /* Sources */ = {
			isa = PBXSourcesBuildPhase;
			buildActionMask = 2147483647;
			files = (
				CCAB2A342C090EE0008A83CA /* PexelatorProgressViewStyle.swift in Sources */,
				CCAB2A2B2C0901FC008A83CA /* SplashView.swift in Sources */,
				CCAB2A0B2C08F92C008A83CA /* PexelatorApp.swift in Sources */,
				CC4317A32C093F7000007DD0 /* PhotoListViewModel.swift in Sources */,
				CC60E2892C0A031D00EBAA81 /* PexelatorButtonStyle.swift in Sources */,
				CCAB2A202C08FA6F008A83CA /* PexelsModels.swift in Sources */,
				CC60E28B2C0A0C9F00EBAA81 /* PhotoDetailsViewModel.swift in Sources */,
				CCAB2A382C092204008A83CA /* RootView.swift in Sources */,
				CCAB2A262C0901BD008A83CA /* SplashViewModel.swift in Sources */,
				CCAB2A292C0901E0008A83CA /* CombineExtensions.swift in Sources */,
				CC4317AF2C0956F400007DD0 /* CachedAsyncImageViewModel.swift in Sources */,
				CCAB2A222C08FA7C008A83CA /* PexelsApi.swift in Sources */,
				CC4317AB2C094AE900007DD0 /* PhotoItemView.swift in Sources */,
				CC60E28D2C0A0CF500EBAA81 /* PhotoDetailsView.swift in Sources */,
				CC60E2842C09FFA500EBAA81 /* AlertViewModel.swift in Sources */,
				CCAB2A362C091FF0008A83CA /* RootViewModel.swift in Sources */,
				CC60E2872C0A015A00EBAA81 /* AlertModifier.swift in Sources */,
				CCAB2A1D2C08F9FE008A83CA /* RestApi.swift in Sources */,
				CC4317B12C095BFE00007DD0 /* SwiftUIExtensions.swift in Sources */,
				CC4317AD2C094C6B00007DD0 /* CachedAsyncImage.swift in Sources */,
				CC4317A52C093F7D00007DD0 /* PhotoListView.swift in Sources */,
			);
			runOnlyForDeploymentPostprocessing = 0;
		};
/* End PBXSourcesBuildPhase section */

/* Begin XCBuildConfiguration section */
		CCAB2A132C08F92E008A83CA /* Debug */ = {
			isa = XCBuildConfiguration;
			buildSettings = {
				ALWAYS_SEARCH_USER_PATHS = NO;
				ASSETCATALOG_COMPILER_GENERATE_SWIFT_ASSET_SYMBOL_EXTENSIONS = YES;
				CLANG_ANALYZER_NONNULL = YES;
				CLANG_ANALYZER_NUMBER_OBJECT_CONVERSION = YES_AGGRESSIVE;
				CLANG_CXX_LANGUAGE_STANDARD = "gnu++20";
				CLANG_ENABLE_MODULES = YES;
				CLANG_ENABLE_OBJC_ARC = YES;
				CLANG_ENABLE_OBJC_WEAK = YES;
				CLANG_WARN_BLOCK_CAPTURE_AUTORELEASING = YES;
				CLANG_WARN_BOOL_CONVERSION = YES;
				CLANG_WARN_COMMA = YES;
				CLANG_WARN_CONSTANT_CONVERSION = YES;
				CLANG_WARN_DEPRECATED_OBJC_IMPLEMENTATIONS = YES;
				CLANG_WARN_DIRECT_OBJC_ISA_USAGE = YES_ERROR;
				CLANG_WARN_DOCUMENTATION_COMMENTS = YES;
				CLANG_WARN_EMPTY_BODY = YES;
				CLANG_WARN_ENUM_CONVERSION = YES;
				CLANG_WARN_INFINITE_RECURSION = YES;
				CLANG_WARN_INT_CONVERSION = YES;
				CLANG_WARN_NON_LITERAL_NULL_CONVERSION = YES;
				CLANG_WARN_OBJC_IMPLICIT_RETAIN_SELF = YES;
				CLANG_WARN_OBJC_LITERAL_CONVERSION = YES;
				CLANG_WARN_OBJC_ROOT_CLASS = YES_ERROR;
				CLANG_WARN_QUOTED_INCLUDE_IN_FRAMEWORK_HEADER = YES;
				CLANG_WARN_RANGE_LOOP_ANALYSIS = YES;
				CLANG_WARN_STRICT_PROTOTYPES = YES;
				CLANG_WARN_SUSPICIOUS_MOVE = YES;
				CLANG_WARN_UNGUARDED_AVAILABILITY = YES_AGGRESSIVE;
				CLANG_WARN_UNREACHABLE_CODE = YES;
				CLANG_WARN__DUPLICATE_METHOD_MATCH = YES;
				COPY_PHASE_STRIP = NO;
				DEBUG_INFORMATION_FORMAT = dwarf;
				ENABLE_STRICT_OBJC_MSGSEND = YES;
				ENABLE_TESTABILITY = YES;
				ENABLE_USER_SCRIPT_SANDBOXING = YES;
				GCC_C_LANGUAGE_STANDARD = gnu17;
				GCC_DYNAMIC_NO_PIC = NO;
				GCC_NO_COMMON_BLOCKS = YES;
				GCC_OPTIMIZATION_LEVEL = 0;
				GCC_PREPROCESSOR_DEFINITIONS = (
					"DEBUG=1",
					"$(inherited)",
				);
				GCC_WARN_64_TO_32_BIT_CONVERSION = YES;
				GCC_WARN_ABOUT_RETURN_TYPE = YES_ERROR;
				GCC_WARN_UNDECLARED_SELECTOR = YES;
				GCC_WARN_UNINITIALIZED_AUTOS = YES_AGGRESSIVE;
				GCC_WARN_UNUSED_FUNCTION = YES;
				GCC_WARN_UNUSED_VARIABLE = YES;
				IPHONEOS_DEPLOYMENT_TARGET = 17.5;
				LOCALIZATION_PREFERS_STRING_CATALOGS = YES;
				MTL_ENABLE_DEBUG_INFO = INCLUDE_SOURCE;
				MTL_FAST_MATH = YES;
				ONLY_ACTIVE_ARCH = YES;
				SDKROOT = iphoneos;
				SWIFT_ACTIVE_COMPILATION_CONDITIONS = "DEBUG $(inherited)";
				SWIFT_OPTIMIZATION_LEVEL = "-Onone";
			};
			name = Debug;
		};
		CCAB2A142C08F92E008A83CA /* Release */ = {
			isa = XCBuildConfiguration;
			buildSettings = {
				ALWAYS_SEARCH_USER_PATHS = NO;
				ASSETCATALOG_COMPILER_GENERATE_SWIFT_ASSET_SYMBOL_EXTENSIONS = YES;
				CLANG_ANALYZER_NONNULL = YES;
				CLANG_ANALYZER_NUMBER_OBJECT_CONVERSION = YES_AGGRESSIVE;
				CLANG_CXX_LANGUAGE_STANDARD = "gnu++20";
				CLANG_ENABLE_MODULES = YES;
				CLANG_ENABLE_OBJC_ARC = YES;
				CLANG_ENABLE_OBJC_WEAK = YES;
				CLANG_WARN_BLOCK_CAPTURE_AUTORELEASING = YES;
				CLANG_WARN_BOOL_CONVERSION = YES;
				CLANG_WARN_COMMA = YES;
				CLANG_WARN_CONSTANT_CONVERSION = YES;
				CLANG_WARN_DEPRECATED_OBJC_IMPLEMENTATIONS = YES;
				CLANG_WARN_DIRECT_OBJC_ISA_USAGE = YES_ERROR;
				CLANG_WARN_DOCUMENTATION_COMMENTS = YES;
				CLANG_WARN_EMPTY_BODY = YES;
				CLANG_WARN_ENUM_CONVERSION = YES;
				CLANG_WARN_INFINITE_RECURSION = YES;
				CLANG_WARN_INT_CONVERSION = YES;
				CLANG_WARN_NON_LITERAL_NULL_CONVERSION = YES;
				CLANG_WARN_OBJC_IMPLICIT_RETAIN_SELF = YES;
				CLANG_WARN_OBJC_LITERAL_CONVERSION = YES;
				CLANG_WARN_OBJC_ROOT_CLASS = YES_ERROR;
				CLANG_WARN_QUOTED_INCLUDE_IN_FRAMEWORK_HEADER = YES;
				CLANG_WARN_RANGE_LOOP_ANALYSIS = YES;
				CLANG_WARN_STRICT_PROTOTYPES = YES;
				CLANG_WARN_SUSPICIOUS_MOVE = YES;
				CLANG_WARN_UNGUARDED_AVAILABILITY = YES_AGGRESSIVE;
				CLANG_WARN_UNREACHABLE_CODE = YES;
				CLANG_WARN__DUPLICATE_METHOD_MATCH = YES;
				COPY_PHASE_STRIP = NO;
				DEBUG_INFORMATION_FORMAT = "dwarf-with-dsym";
				ENABLE_NS_ASSERTIONS = NO;
				ENABLE_STRICT_OBJC_MSGSEND = YES;
				ENABLE_USER_SCRIPT_SANDBOXING = YES;
				GCC_C_LANGUAGE_STANDARD = gnu17;
				GCC_NO_COMMON_BLOCKS = YES;
				GCC_WARN_64_TO_32_BIT_CONVERSION = YES;
				GCC_WARN_ABOUT_RETURN_TYPE = YES_ERROR;
				GCC_WARN_UNDECLARED_SELECTOR = YES;
				GCC_WARN_UNINITIALIZED_AUTOS = YES_AGGRESSIVE;
				GCC_WARN_UNUSED_FUNCTION = YES;
				GCC_WARN_UNUSED_VARIABLE = YES;
				IPHONEOS_DEPLOYMENT_TARGET = 17.5;
				LOCALIZATION_PREFERS_STRING_CATALOGS = YES;
				MTL_ENABLE_DEBUG_INFO = NO;
				MTL_FAST_MATH = YES;
				SDKROOT = iphoneos;
				SWIFT_COMPILATION_MODE = wholemodule;
				VALIDATE_PRODUCT = YES;
			};
			name = Release;
		};
		CCAB2A162C08F92E008A83CA /* Debug */ = {
			isa = XCBuildConfiguration;
			buildSettings = {
				ASSETCATALOG_COMPILER_APPICON_NAME = AppIcon;
				ASSETCATALOG_COMPILER_GLOBAL_ACCENT_COLOR_NAME = AccentColor;
				CODE_SIGN_STYLE = Automatic;
				CURRENT_PROJECT_VERSION = 1;
				DEVELOPMENT_ASSET_PATHS = "\"Pexelator/Preview Content\"";
				DEVELOPMENT_TEAM = 68YVHZF5M3;
				ENABLE_PREVIEWS = YES;
				GENERATE_INFOPLIST_FILE = YES;
				INFOPLIST_KEY_UIApplicationSceneManifest_Generation = YES;
				INFOPLIST_KEY_UIApplicationSupportsIndirectInputEvents = YES;
				INFOPLIST_KEY_UILaunchScreen_Generation = YES;
				INFOPLIST_KEY_UISupportedInterfaceOrientations = UIInterfaceOrientationPortrait;
				INFOPLIST_KEY_UISupportedInterfaceOrientations_iPad = "UIInterfaceOrientationLandscapeLeft UIInterfaceOrientationLandscapeRight UIInterfaceOrientationPortraitUpsideDown";
				INFOPLIST_KEY_UIUserInterfaceStyle = Light;
				IPHONEOS_DEPLOYMENT_TARGET = 16.0;
				LD_RUNPATH_SEARCH_PATHS = (
					"$(inherited)",
					"@executable_path/Frameworks",
				);
				MARKETING_VERSION = 1.0;
				PRODUCT_BUNDLE_IDENTIFIER = com.codeflow.killex.test.Pexelator;
				PRODUCT_NAME = "$(TARGET_NAME)";
				SUPPORTED_PLATFORMS = "iphoneos iphonesimulator";
				SUPPORTS_MACCATALYST = NO;
				SUPPORTS_MAC_DESIGNED_FOR_IPHONE_IPAD = NO;
				SUPPORTS_XR_DESIGNED_FOR_IPHONE_IPAD = NO;
				SWIFT_EMIT_LOC_STRINGS = YES;
				SWIFT_VERSION = 5.0;
				TARGETED_DEVICE_FAMILY = 1;
			};
			name = Debug;
		};
		CCAB2A172C08F92E008A83CA /* Release */ = {
			isa = XCBuildConfiguration;
			buildSettings = {
				ASSETCATALOG_COMPILER_APPICON_NAME = AppIcon;
				ASSETCATALOG_COMPILER_GLOBAL_ACCENT_COLOR_NAME = AccentColor;
				CODE_SIGN_STYLE = Automatic;
				CURRENT_PROJECT_VERSION = 1;
				DEVELOPMENT_ASSET_PATHS = "\"Pexelator/Preview Content\"";
				DEVELOPMENT_TEAM = 68YVHZF5M3;
				ENABLE_PREVIEWS = YES;
				GENERATE_INFOPLIST_FILE = YES;
				INFOPLIST_KEY_UIApplicationSceneManifest_Generation = YES;
				INFOPLIST_KEY_UIApplicationSupportsIndirectInputEvents = YES;
				INFOPLIST_KEY_UILaunchScreen_Generation = YES;
				INFOPLIST_KEY_UISupportedInterfaceOrientations = UIInterfaceOrientationPortrait;
				INFOPLIST_KEY_UISupportedInterfaceOrientations_iPad = "UIInterfaceOrientationLandscapeLeft UIInterfaceOrientationLandscapeRight UIInterfaceOrientationPortraitUpsideDown";
				INFOPLIST_KEY_UIUserInterfaceStyle = Light;
				IPHONEOS_DEPLOYMENT_TARGET = 16.0;
				LD_RUNPATH_SEARCH_PATHS = (
					"$(inherited)",
					"@executable_path/Frameworks",
				);
				MARKETING_VERSION = 1.0;
				PRODUCT_BUNDLE_IDENTIFIER = com.codeflow.killex.test.Pexelator;
				PRODUCT_NAME = "$(TARGET_NAME)";
				SUPPORTED_PLATFORMS = "iphoneos iphonesimulator";
				SUPPORTS_MACCATALYST = NO;
				SUPPORTS_MAC_DESIGNED_FOR_IPHONE_IPAD = NO;
				SUPPORTS_XR_DESIGNED_FOR_IPHONE_IPAD = NO;
				SWIFT_EMIT_LOC_STRINGS = YES;
				SWIFT_VERSION = 5.0;
				TARGETED_DEVICE_FAMILY = 1;
			};
			name = Release;
		};
/* End XCBuildConfiguration section */

/* Begin XCConfigurationList section */
		CCAB2A022C08F92C008A83CA /* Build configuration list for PBXProject "Pexelator" */ = {
			isa = XCConfigurationList;
			buildConfigurations = (
				CCAB2A132C08F92E008A83CA /* Debug */,
				CCAB2A142C08F92E008A83CA /* Release */,
			);
			defaultConfigurationIsVisible = 0;
			defaultConfigurationName = Release;
		};
		CCAB2A152C08F92E008A83CA /* Build configuration list for PBXNativeTarget "Pexelator" */ = {
			isa = XCConfigurationList;
			buildConfigurations = (
				CCAB2A162C08F92E008A83CA /* Debug */,
				CCAB2A172C08F92E008A83CA /* Release */,
			);
			defaultConfigurationIsVisible = 0;
			defaultConfigurationName = Release;
		};
/* End XCConfigurationList section */

/* Begin XCRemoteSwiftPackageReference section */
		CCAB2A182C08F9C7008A83CA /* XCRemoteSwiftPackageReference "lottie-spm" */ = {
			isa = XCRemoteSwiftPackageReference;
			repositoryURL = "https://github.com/airbnb/lottie-spm.git";
			requirement = {
				kind = upToNextMajorVersion;
				minimumVersion = 4.4.3;
			};
		};
/* End XCRemoteSwiftPackageReference section */

/* Begin XCSwiftPackageProductDependency section */
		CCAB2A192C08F9C7008A83CA /* Lottie */ = {
			isa = XCSwiftPackageProductDependency;
			package = CCAB2A182C08F9C7008A83CA /* XCRemoteSwiftPackageReference "lottie-spm" */;
			productName = Lottie;
		};
/* End XCSwiftPackageProductDependency section */
	};
	rootObject = CCAB29FF2C08F92C008A83CA /* Project object */;
}
